Microsoft Visual Studio Solution File, Format Version 12.00
# Visual Studio Version 17
VisualStudioVersion = 17.13.35931.197
MinimumVisualStudioVersion = 10.0.40219.1
Project("{F2A71F9B-5D33-465A-A702-920D77279786}") = "HackRfSweep", "HackRfSweep\HackRfSweep.fsproj", "{31824194-CBF6-4FC0-B2EF-F44B066C6EA7}"
EndProject
Global
	GlobalSection(SolutionConfigurationPlatforms) = preSolution
		Debug|Any CPU = Debug|Any CPU
		Release|Any CPU = Release|Any CPU
	EndGlobalSection
	GlobalSection(ProjectConfigurationPlatforms) = postSolution
		{31824194-CBF6-4FC0-B2EF-F44B066C6EA7}.Debug|Any CPU.ActiveCfg = Debug|Any CPU
		{31824194-CBF6-4FC0-B2EF-F44B066C6EA7}.Debug|Any CPU.Build.0 = Debug|Any CPU
		{31824194-CBF6-4FC0-B2EF-F44B066C6EA7}.Release|Any CPU.ActiveCfg = Release|Any CPU
		{31824194-CBF6-4FC0-B2EF-F44B066C6EA7}.Release|Any CPU.Build.0 = Release|Any CPU
	EndGlobalSection
	GlobalSection(SolutionProperties) = preSolution
		HideSolutionNode = FALSE
	EndGlobalSection
	GlobalSection(ExtensibilityGlobals) = postSolution
		SolutionGuid = {B373504E-D444-4103-9779-A51A3587DED7}
	EndGlobalSection
EndGlobal
